// !$*UTF8*$!
{
	archiveVersion = 1;
	classes = {
	};
	objectVersion = 46;
	objects = {

/* Begin PBXBuildFile section */
		95152C621ACEF9B7000C47D0 /* Crashlytics.framework in Frameworks */ = {isa = PBXBuildFile; fileRef = 95152C601ACEF9B7000C47D0 /* Crashlytics.framework */; };
		95152C631ACEF9B7000C47D0 /* Fabric.framework in Frameworks */ = {isa = PBXBuildFile; fileRef = 95152C611ACEF9B7000C47D0 /* Fabric.framework */; };
		95152C661ACF0EDB000C47D0 /* ScoreHorizontalHeaderScrollView.m in Sources */ = {isa = PBXBuildFile; fileRef = 95152C651ACF0EDB000C47D0 /* ScoreHorizontalHeaderScrollView.m */; };
		95152C691ACF4429000C47D0 /* SmallProfileView.m in Sources */ = {isa = PBXBuildFile; fileRef = 95152C681ACF4429000C47D0 /* SmallProfileView.m */; };
		95152C6C1ACF4B5B000C47D0 /* UIView+Sizes.m in Sources */ = {isa = PBXBuildFile; fileRef = 95152C6B1ACF4B5B000C47D0 /* UIView+Sizes.m */; };
		95152C721AD1EAEF000C47D0 /* LoginPageViewController.m in Sources */ = {isa = PBXBuildFile; fileRef = 95152C711AD1EAEF000C47D0 /* LoginPageViewController.m */; };
		953287DE1A3246F000AC17EA /* GameHeaderView.m in Sources */ = {isa = PBXBuildFile; fileRef = 953287DD1A3246F000AC17EA /* GameHeaderView.m */; };
		953D497119DF59C700596E7B /* SelectGameTableViewCell.m in Sources */ = {isa = PBXBuildFile; fileRef = 953D497019DF59C700596E7B /* SelectGameTableViewCell.m */; };
		9540A57F1A1D05C200EA9FEA /* Game.m in Sources */ = {isa = PBXBuildFile; fileRef = 9540A57E1A1D05C200EA9FEA /* Game.m */; };
		9540A5821A1D068300EA9FEA /* Round.m in Sources */ = {isa = PBXBuildFile; fileRef = 9540A5811A1D068300EA9FEA /* Round.m */; };
		9540A5851A1D069100EA9FEA /* Comment.m in Sources */ = {isa = PBXBuildFile; fileRef = 9540A5841A1D069100EA9FEA /* Comment.m */; };
		9540A5881A1D06A200EA9FEA /* CompletedRound.m in Sources */ = {isa = PBXBuildFile; fileRef = 9540A5871A1D06A200EA9FEA /* CompletedRound.m */; };
		95799FF21A1AE1FF006A209F /* PHFComposeBarView.m in Sources */ = {isa = PBXBuildFile; fileRef = 95799FED1A1AE1FF006A209F /* PHFComposeBarView.m */; };
		95799FF31A1AE1FF006A209F /* PHFComposeBarView_Button.m in Sources */ = {isa = PBXBuildFile; fileRef = 95799FEF1A1AE1FF006A209F /* PHFComposeBarView_Button.m */; };
		95799FF41A1AE1FF006A209F /* PHFComposeBarView_TextView.m in Sources */ = {isa = PBXBuildFile; fileRef = 95799FF11A1AE1FF006A209F /* PHFComposeBarView_TextView.m */; };
		95799FF81A1AE368006A209F /* PHFDelegateChain.m in Sources */ = {isa = PBXBuildFile; fileRef = 95799FF71A1AE368006A209F /* PHFDelegateChain.m */; };
		95881E8F19D90B32001202AB /* UIColor+AppColors.m in Sources */ = {isa = PBXBuildFile; fileRef = 95881E8E19D90B32001202AB /* UIColor+AppColors.m */; };
		95881E9219D91117001202AB /* UIFont+AppFonts.m in Sources */ = {isa = PBXBuildFile; fileRef = 95881E9119D91117001202AB /* UIFont+AppFonts.m */; };
		95F05C5B1A30107E00752A16 /* PreviousRoundsTableViewCell.m in Sources */ = {isa = PBXBuildFile; fileRef = 95F05C5A1A30107E00752A16 /* PreviousRoundsTableViewCell.m */; };
		9A10E2F71A380FE000C3B541 /* GenericCategory.m in Sources */ = {isa = PBXBuildFile; fileRef = 9A10E2F61A380FE000C3B541 /* GenericCategory.m */; };
		9A10E2FA1A380FF500C3B541 /* UIImage+Scaling.m in Sources */ = {isa = PBXBuildFile; fileRef = 9A10E2F91A380FF500C3B541 /* UIImage+Scaling.m */; };
		9A10E2FD1A3AB01A00C3B541 /* User.m in Sources */ = {isa = PBXBuildFile; fileRef = 9A10E2FC1A3AB01A00C3B541 /* User.m */; };
		9A10E3001A3AD75A00C3B541 /* BaseViewController.m in Sources */ = {isa = PBXBuildFile; fileRef = 9A10E2FF1A3AD75A00C3B541 /* BaseViewController.m */; };
		9A1FFC961A0AAF9400A82788 /* Constants.m in Sources */ = {isa = PBXBuildFile; fileRef = 9A1FFC951A0AAF9400A82788 /* Constants.m */; };
		9A2C6F6719A8324200DCF2B7 /* Foundation.framework in Frameworks */ = {isa = PBXBuildFile; fileRef = 9A2C6F6619A8324200DCF2B7 /* Foundation.framework */; };
		9A2C6F6919A8324200DCF2B7 /* CoreGraphics.framework in Frameworks */ = {isa = PBXBuildFile; fileRef = 9A2C6F6819A8324200DCF2B7 /* CoreGraphics.framework */; };
		9A2C6F6B19A8324200DCF2B7 /* UIKit.framework in Frameworks */ = {isa = PBXBuildFile; fileRef = 9A2C6F6A19A8324200DCF2B7 /* UIKit.framework */; };
		9A2C6F7119A8324200DCF2B7 /* InfoPlist.strings in Resources */ = {isa = PBXBuildFile; fileRef = 9A2C6F6F19A8324200DCF2B7 /* InfoPlist.strings */; };
		9A2C6F7319A8324200DCF2B7 /* main.m in Sources */ = {isa = PBXBuildFile; fileRef = 9A2C6F7219A8324200DCF2B7 /* main.m */; };
		9A2C6F7719A8324200DCF2B7 /* AppDelegate.m in Sources */ = {isa = PBXBuildFile; fileRef = 9A2C6F7619A8324200DCF2B7 /* AppDelegate.m */; };
		9A2C6F7919A8324200DCF2B7 /* Images.xcassets in Resources */ = {isa = PBXBuildFile; fileRef = 9A2C6F7819A8324200DCF2B7 /* Images.xcassets */; };
		9A2C6F9719A832CC00DCF2B7 /* LoginScreenViewController.m in Sources */ = {isa = PBXBuildFile; fileRef = 9A2C6F9619A832CC00DCF2B7 /* LoginScreenViewController.m */; };
		9A2C6F9A19A835CD00DCF2B7 /* SelectGameTableViewController.m in Sources */ = {isa = PBXBuildFile; fileRef = 9A2C6F9919A835CD00DCF2B7 /* SelectGameTableViewController.m */; };
		9A2C6FA219A8483200DCF2B7 /* AdSupport.framework in Frameworks */ = {isa = PBXBuildFile; fileRef = 9A2C6FA119A8483200DCF2B7 /* AdSupport.framework */; };
		9A2C6FA419A8483B00DCF2B7 /* Accounts.framework in Frameworks */ = {isa = PBXBuildFile; fileRef = 9A2C6FA319A8483B00DCF2B7 /* Accounts.framework */; };
		9A2C6FA619A8484300DCF2B7 /* libsqlite3.dylib in Frameworks */ = {isa = PBXBuildFile; fileRef = 9A2C6FA519A8484300DCF2B7 /* libsqlite3.dylib */; };
		9A2C6FA819A8484900DCF2B7 /* Security.framework in Frameworks */ = {isa = PBXBuildFile; fileRef = 9A2C6FA719A8484900DCF2B7 /* Security.framework */; };
		9A2C6FAA19A8484E00DCF2B7 /* Social.framework in Frameworks */ = {isa = PBXBuildFile; fileRef = 9A2C6FA919A8484E00DCF2B7 /* Social.framework */; };
		9A2C6FB019A84CC800DCF2B7 /* AudioToolbox.framework in Frameworks */ = {isa = PBXBuildFile; fileRef = 9A2C6FAF19A84CC800DCF2B7 /* AudioToolbox.framework */; };
		9A2C6FB219A84CCE00DCF2B7 /* CFNetwork.framework in Frameworks */ = {isa = PBXBuildFile; fileRef = 9A2C6FB119A84CCE00DCF2B7 /* CFNetwork.framework */; };
		9A2C6FB419A84CE000DCF2B7 /* libz.1.1.3.dylib in Frameworks */ = {isa = PBXBuildFile; fileRef = 9A2C6FB319A84CE000DCF2B7 /* libz.1.1.3.dylib */; };
		9A2C6FB619A84CF500DCF2B7 /* MobileCoreServices.framework in Frameworks */ = {isa = PBXBuildFile; fileRef = 9A2C6FB519A84CF500DCF2B7 /* MobileCoreServices.framework */; };
		9A2C6FB819A84CFA00DCF2B7 /* QuartzCore.framework in Frameworks */ = {isa = PBXBuildFile; fileRef = 9A2C6FB719A84CFA00DCF2B7 /* QuartzCore.framework */; };
		9A2C6FBC19A84D0900DCF2B7 /* SystemConfiguration.framework in Frameworks */ = {isa = PBXBuildFile; fileRef = 9A2C6FBB19A84D0900DCF2B7 /* SystemConfiguration.framework */; };
		9A2C6FC619A8511800DCF2B7 /* CoreLocation.framework in Frameworks */ = {isa = PBXBuildFile; fileRef = 9A2C6FC519A8511800DCF2B7 /* CoreLocation.framework */; };
		9A2C6FCA19A852D200DCF2B7 /* Comms.m in Sources */ = {isa = PBXBuildFile; fileRef = 9A2C6FC919A852D200DCF2B7 /* Comms.m */; };
		9A2C6FCD19A85BC600DCF2B7 /* DataStore.m in Sources */ = {isa = PBXBuildFile; fileRef = 9A2C6FCC19A85BC600DCF2B7 /* DataStore.m */; };
		9A2C6FD019A85D5800DCF2B7 /* NSOperationQueue+NSoperationQueue_SharedQueue.m in Sources */ = {isa = PBXBuildFile; fileRef = 9A2C6FCF19A85D5800DCF2B7 /* NSOperationQueue+NSoperationQueue_SharedQueue.m */; };
		9A2C6FD619A85EF300DCF2B7 /* NewGameTableViewController.m in Sources */ = {isa = PBXBuildFile; fileRef = 9A2C6FD519A85EF300DCF2B7 /* NewGameTableViewController.m */; };
		9A2C6FD919AC526500DCF2B7 /* UserGames.m in Sources */ = {isa = PBXBuildFile; fileRef = 9A2C6FD819AC526500DCF2B7 /* UserGames.m */; };
		9A428A4619DF894900C80EE7 /* FratBarButtonItem.m in Sources */ = {isa = PBXBuildFile; fileRef = 9A428A4519DF894900C80EE7 /* FratBarButtonItem.m */; };
		9A428A4D19E7AAF500C80EE7 /* StringUtils.m in Sources */ = {isa = PBXBuildFile; fileRef = 9A428A4C19E7AAF500C80EE7 /* StringUtils.m */; };
		9A428A5119E7C4A000C80EE7 /* CommentTableViewCell.m in Sources */ = {isa = PBXBuildFile; fileRef = 9A428A5019E7C4A000C80EE7 /* CommentTableViewCell.m */; };
		9A49CA131A18588B00F7CFCA /* PreviousRoundsTableViewController.m in Sources */ = {isa = PBXBuildFile; fileRef = 9A49CA121A18588B00F7CFCA /* PreviousRoundsTableViewController.m */; };
		9A49CA1B1A214B2200F7CFCA /* FacebookSDK.framework in Frameworks */ = {isa = PBXBuildFile; fileRef = 9A49CA1A1A214B2200F7CFCA /* FacebookSDK.framework */; };
		9A49CA1D1A214B4900F7CFCA /* Parse.framework in Frameworks */ = {isa = PBXBuildFile; fileRef = 9A49CA1C1A214B4900F7CFCA /* Parse.framework */; };
		9A49CA1F1A214B9600F7CFCA /* FBUserSettingsViewResources.bundle in Resources */ = {isa = PBXBuildFile; fileRef = 9A49CA1E1A214B9600F7CFCA /* FBUserSettingsViewResources.bundle */; };
		9A8CAF9C1A70AFB3008BF741 /* NewGameDetailsViewController.m in Sources */ = {isa = PBXBuildFile; fileRef = 9A8CAF9B1A70AFB3008BF741 /* NewGameDetailsViewController.m */; };
		9A9A17ED1A9EFE31005855F2 /* woop.caf in Resources */ = {isa = PBXBuildFile; fileRef = 9A9A17EC1A9EFE24005855F2 /* woop.caf */; };
		9A9A17EF1AA2A071005855F2 /* iAd.framework in Frameworks */ = {isa = PBXBuildFile; fileRef = 9A9A17EE1AA2A071005855F2 /* iAd.framework */; };
		9AA6DB941A2157EE0037EE09 /* AVFoundation.framework in Frameworks */ = {isa = PBXBuildFile; fileRef = 9AA6DB931A2157EE0037EE09 /* AVFoundation.framework */; };
		9AA6DB981A215A940037EE09 /* Sinch.framework in Frameworks */ = {isa = PBXBuildFile; fileRef = 9AA6DB971A215A940037EE09 /* Sinch.framework */; };
		9ABCFA651A8C770B003BFC6F /* StoreKit.framework in Frameworks */ = {isa = PBXBuildFile; fileRef = 9ABCFA641A8C770B003BFC6F /* StoreKit.framework */; };
		9ADD437F19F7565700AFD160 /* UIButton+CustomButtons.m in Sources */ = {isa = PBXBuildFile; fileRef = 9ADD437E19F7565700AFD160 /* UIButton+CustomButtons.m */; };
		9AFBF0CF19CD4826004F6550 /* GameViewControllerTableViewController.m in Sources */ = {isa = PBXBuildFile; fileRef = 9AFBF0CE19CD4826004F6550 /* GameViewControllerTableViewController.m */; };
		9AFBF0D319CD4B19004F6550 /* ProfileViewTableViewCell.m in Sources */ = {isa = PBXBuildFile; fileRef = 9AFBF0D219CD4B19004F6550 /* ProfileViewTableViewCell.m */; };
/* End PBXBuildFile section */

/* Begin PBXFileReference section */
		95152C601ACEF9B7000C47D0 /* Crashlytics.framework */ = {isa = PBXFileReference; lastKnownFileType = wrapper.framework; path = Crashlytics.framework; sourceTree = "<group>"; };
		95152C611ACEF9B7000C47D0 /* Fabric.framework */ = {isa = PBXFileReference; lastKnownFileType = wrapper.framework; path = Fabric.framework; sourceTree = "<group>"; };
		95152C641ACF0EDB000C47D0 /* ScoreHorizontalHeaderScrollView.h */ = {isa = PBXFileReference; fileEncoding = 4; lastKnownFileType = sourcecode.c.h; path = ScoreHorizontalHeaderScrollView.h; sourceTree = "<group>"; };
		95152C651ACF0EDB000C47D0 /* ScoreHorizontalHeaderScrollView.m */ = {isa = PBXFileReference; fileEncoding = 4; lastKnownFileType = sourcecode.c.objc; path = ScoreHorizontalHeaderScrollView.m; sourceTree = "<group>"; };
		95152C671ACF4429000C47D0 /* SmallProfileView.h */ = {isa = PBXFileReference; fileEncoding = 4; lastKnownFileType = sourcecode.c.h; path = SmallProfileView.h; sourceTree = "<group>"; };
		95152C681ACF4429000C47D0 /* SmallProfileView.m */ = {isa = PBXFileReference; fileEncoding = 4; lastKnownFileType = sourcecode.c.objc; path = SmallProfileView.m; sourceTree = "<group>"; };
		95152C6A1ACF4B5B000C47D0 /* UIView+Sizes.h */ = {isa = PBXFileReference; fileEncoding = 4; lastKnownFileType = sourcecode.c.h; path = "UIView+Sizes.h"; sourceTree = "<group>"; };
		95152C6B1ACF4B5B000C47D0 /* UIView+Sizes.m */ = {isa = PBXFileReference; fileEncoding = 4; lastKnownFileType = sourcecode.c.objc; path = "UIView+Sizes.m"; sourceTree = "<group>"; };
		95152C701AD1EAEF000C47D0 /* LoginPageViewController.h */ = {isa = PBXFileReference; fileEncoding = 4; lastKnownFileType = sourcecode.c.h; path = LoginPageViewController.h; sourceTree = "<group>"; };
		95152C711AD1EAEF000C47D0 /* LoginPageViewController.m */ = {isa = PBXFileReference; fileEncoding = 4; lastKnownFileType = sourcecode.c.objc; path = LoginPageViewController.m; sourceTree = "<group>"; };
		953287DC1A3246F000AC17EA /* GameHeaderView.h */ = {isa = PBXFileReference; fileEncoding = 4; lastKnownFileType = sourcecode.c.h; path = GameHeaderView.h; sourceTree = "<group>"; };
		953287DD1A3246F000AC17EA /* GameHeaderView.m */ = {isa = PBXFileReference; fileEncoding = 4; lastKnownFileType = sourcecode.c.objc; path = GameHeaderView.m; sourceTree = "<group>"; };
		953D496F19DF59C700596E7B /* SelectGameTableViewCell.h */ = {isa = PBXFileReference; fileEncoding = 4; lastKnownFileType = sourcecode.c.h; path = SelectGameTableViewCell.h; sourceTree = "<group>"; };
		953D497019DF59C700596E7B /* SelectGameTableViewCell.m */ = {isa = PBXFileReference; fileEncoding = 4; lastKnownFileType = sourcecode.c.objc; path = SelectGameTableViewCell.m; sourceTree = "<group>"; };
		9540A57D1A1D05C200EA9FEA /* Game.h */ = {isa = PBXFileReference; fileEncoding = 4; lastKnownFileType = sourcecode.c.h; path = Game.h; sourceTree = "<group>"; };
		9540A57E1A1D05C200EA9FEA /* Game.m */ = {isa = PBXFileReference; fileEncoding = 4; lastKnownFileType = sourcecode.c.objc; path = Game.m; sourceTree = "<group>"; };
		9540A5801A1D068300EA9FEA /* Round.h */ = {isa = PBXFileReference; fileEncoding = 4; lastKnownFileType = sourcecode.c.h; path = Round.h; sourceTree = "<group>"; };
		9540A5811A1D068300EA9FEA /* Round.m */ = {isa = PBXFileReference; fileEncoding = 4; lastKnownFileType = sourcecode.c.objc; path = Round.m; sourceTree = "<group>"; };
		9540A5831A1D069100EA9FEA /* Comment.h */ = {isa = PBXFileReference; fileEncoding = 4; lastKnownFileType = sourcecode.c.h; path = Comment.h; sourceTree = "<group>"; };
		9540A5841A1D069100EA9FEA /* Comment.m */ = {isa = PBXFileReference; fileEncoding = 4; lastKnownFileType = sourcecode.c.objc; path = Comment.m; sourceTree = "<group>"; };
		9540A5861A1D06A200EA9FEA /* CompletedRound.h */ = {isa = PBXFileReference; fileEncoding = 4; lastKnownFileType = sourcecode.c.h; path = CompletedRound.h; sourceTree = "<group>"; };
		9540A5871A1D06A200EA9FEA /* CompletedRound.m */ = {isa = PBXFileReference; fileEncoding = 4; lastKnownFileType = sourcecode.c.objc; path = CompletedRound.m; sourceTree = "<group>"; };
		95799FEC1A1AE1FF006A209F /* PHFComposeBarView.h */ = {isa = PBXFileReference; fileEncoding = 4; lastKnownFileType = sourcecode.c.h; name = PHFComposeBarView.h; path = Classes/PHFComposeBarView.h; sourceTree = "<group>"; };
		95799FED1A1AE1FF006A209F /* PHFComposeBarView.m */ = {isa = PBXFileReference; fileEncoding = 4; lastKnownFileType = sourcecode.c.objc; name = PHFComposeBarView.m; path = Classes/PHFComposeBarView.m; sourceTree = "<group>"; };
		95799FEE1A1AE1FF006A209F /* PHFComposeBarView_Button.h */ = {isa = PBXFileReference; fileEncoding = 4; lastKnownFileType = sourcecode.c.h; name = PHFComposeBarView_Button.h; path = Classes/PHFComposeBarView_Button.h; sourceTree = "<group>"; };
		95799FEF1A1AE1FF006A209F /* PHFComposeBarView_Button.m */ = {isa = PBXFileReference; fileEncoding = 4; lastKnownFileType = sourcecode.c.objc; name = PHFComposeBarView_Button.m; path = Classes/PHFComposeBarView_Button.m; sourceTree = "<group>"; };
		95799FF01A1AE1FF006A209F /* PHFComposeBarView_TextView.h */ = {isa = PBXFileReference; fileEncoding = 4; lastKnownFileType = sourcecode.c.h; name = PHFComposeBarView_TextView.h; path = Classes/PHFComposeBarView_TextView.h; sourceTree = "<group>"; };
		95799FF11A1AE1FF006A209F /* PHFComposeBarView_TextView.m */ = {isa = PBXFileReference; fileEncoding = 4; lastKnownFileType = sourcecode.c.objc; name = PHFComposeBarView_TextView.m; path = Classes/PHFComposeBarView_TextView.m; sourceTree = "<group>"; };
		95799FF61A1AE368006A209F /* PHFDelegateChain.h */ = {isa = PBXFileReference; fileEncoding = 4; lastKnownFileType = sourcecode.c.h; path = PHFDelegateChain.h; sourceTree = "<group>"; };
		95799FF71A1AE368006A209F /* PHFDelegateChain.m */ = {isa = PBXFileReference; fileEncoding = 4; lastKnownFileType = sourcecode.c.objc; path = PHFDelegateChain.m; sourceTree = "<group>"; };
		95881E8D19D90B32001202AB /* UIColor+AppColors.h */ = {isa = PBXFileReference; fileEncoding = 4; lastKnownFileType = sourcecode.c.h; path = "UIColor+AppColors.h"; sourceTree = "<group>"; };
		95881E8E19D90B32001202AB /* UIColor+AppColors.m */ = {isa = PBXFileReference; fileEncoding = 4; lastKnownFileType = sourcecode.c.objc; path = "UIColor+AppColors.m"; sourceTree = "<group>"; };
		95881E9019D91117001202AB /* UIFont+AppFonts.h */ = {isa = PBXFileReference; fileEncoding = 4; lastKnownFileType = sourcecode.c.h; path = "UIFont+AppFonts.h"; sourceTree = "<group>"; };
		95881E9119D91117001202AB /* UIFont+AppFonts.m */ = {isa = PBXFileReference; fileEncoding = 4; lastKnownFileType = sourcecode.c.objc; path = "UIFont+AppFonts.m"; sourceTree = "<group>"; };
		95F05C591A30107E00752A16 /* PreviousRoundsTableViewCell.h */ = {isa = PBXFileReference; fileEncoding = 4; lastKnownFileType = sourcecode.c.h; path = PreviousRoundsTableViewCell.h; sourceTree = "<group>"; };
		95F05C5A1A30107E00752A16 /* PreviousRoundsTableViewCell.m */ = {isa = PBXFileReference; fileEncoding = 4; lastKnownFileType = sourcecode.c.objc; path = PreviousRoundsTableViewCell.m; sourceTree = "<group>"; };
		9A10E2F51A380FE000C3B541 /* GenericCategory.h */ = {isa = PBXFileReference; fileEncoding = 4; lastKnownFileType = sourcecode.c.h; path = GenericCategory.h; sourceTree = "<group>"; };
		9A10E2F61A380FE000C3B541 /* GenericCategory.m */ = {isa = PBXFileReference; fileEncoding = 4; lastKnownFileType = sourcecode.c.objc; path = GenericCategory.m; sourceTree = "<group>"; };
		9A10E2F81A380FF500C3B541 /* UIImage+Scaling.h */ = {isa = PBXFileReference; fileEncoding = 4; lastKnownFileType = sourcecode.c.h; path = "UIImage+Scaling.h"; sourceTree = "<group>"; };
		9A10E2F91A380FF500C3B541 /* UIImage+Scaling.m */ = {isa = PBXFileReference; fileEncoding = 4; lastKnownFileType = sourcecode.c.objc; path = "UIImage+Scaling.m"; sourceTree = "<group>"; };
		9A10E2FB1A3AB01A00C3B541 /* User.h */ = {isa = PBXFileReference; fileEncoding = 4; lastKnownFileType = sourcecode.c.h; path = User.h; sourceTree = "<group>"; };
		9A10E2FC1A3AB01A00C3B541 /* User.m */ = {isa = PBXFileReference; fileEncoding = 4; lastKnownFileType = sourcecode.c.objc; path = User.m; sourceTree = "<group>"; };
		9A10E2FE1A3AD75A00C3B541 /* BaseViewController.h */ = {isa = PBXFileReference; fileEncoding = 4; lastKnownFileType = sourcecode.c.h; path = BaseViewController.h; sourceTree = "<group>"; };
		9A10E2FF1A3AD75A00C3B541 /* BaseViewController.m */ = {isa = PBXFileReference; fileEncoding = 4; lastKnownFileType = sourcecode.c.objc; path = BaseViewController.m; sourceTree = "<group>"; };
		9A1FFC951A0AAF9400A82788 /* Constants.m */ = {isa = PBXFileReference; fileEncoding = 4; lastKnownFileType = sourcecode.c.objc; path = Constants.m; sourceTree = "<group>"; };
		9A1FFC971A0AAFA500A82788 /* Constants.h */ = {isa = PBXFileReference; lastKnownFileType = sourcecode.c.h; path = Constants.h; sourceTree = "<group>"; };
		9A2C6F6319A8324200DCF2B7 /* Thatso.app */ = {isa = PBXFileReference; explicitFileType = wrapper.application; includeInIndex = 0; path = Thatso.app; sourceTree = BUILT_PRODUCTS_DIR; };
		9A2C6F6619A8324200DCF2B7 /* Foundation.framework */ = {isa = PBXFileReference; lastKnownFileType = wrapper.framework; name = Foundation.framework; path = System/Library/Frameworks/Foundation.framework; sourceTree = SDKROOT; };
		9A2C6F6819A8324200DCF2B7 /* CoreGraphics.framework */ = {isa = PBXFileReference; lastKnownFileType = wrapper.framework; name = CoreGraphics.framework; path = System/Library/Frameworks/CoreGraphics.framework; sourceTree = SDKROOT; };
		9A2C6F6A19A8324200DCF2B7 /* UIKit.framework */ = {isa = PBXFileReference; lastKnownFileType = wrapper.framework; name = UIKit.framework; path = System/Library/Frameworks/UIKit.framework; sourceTree = SDKROOT; };
		9A2C6F6E19A8324200DCF2B7 /* Thatso-Info.plist */ = {isa = PBXFileReference; lastKnownFileType = text.plist.xml; path = "Thatso-Info.plist"; sourceTree = "<group>"; };
		9A2C6F7019A8324200DCF2B7 /* en */ = {isa = PBXFileReference; lastKnownFileType = text.plist.strings; name = en; path = en.lproj/InfoPlist.strings; sourceTree = "<group>"; };
		9A2C6F7219A8324200DCF2B7 /* main.m */ = {isa = PBXFileReference; lastKnownFileType = sourcecode.c.objc; path = main.m; sourceTree = "<group>"; };
		9A2C6F7419A8324200DCF2B7 /* Thatso-Prefix.pch */ = {isa = PBXFileReference; lastKnownFileType = sourcecode.c.h; path = "Thatso-Prefix.pch"; sourceTree = "<group>"; };
		9A2C6F7519A8324200DCF2B7 /* AppDelegate.h */ = {isa = PBXFileReference; lastKnownFileType = sourcecode.c.h; path = AppDelegate.h; sourceTree = "<group>"; };
		9A2C6F7619A8324200DCF2B7 /* AppDelegate.m */ = {isa = PBXFileReference; lastKnownFileType = sourcecode.c.objc; path = AppDelegate.m; sourceTree = "<group>"; };
		9A2C6F7819A8324200DCF2B7 /* Images.xcassets */ = {isa = PBXFileReference; lastKnownFileType = folder.assetcatalog; path = Images.xcassets; sourceTree = "<group>"; };
		9A2C6F9519A832CC00DCF2B7 /* LoginScreenViewController.h */ = {isa = PBXFileReference; fileEncoding = 4; lastKnownFileType = sourcecode.c.h; path = LoginScreenViewController.h; sourceTree = "<group>"; };
		9A2C6F9619A832CC00DCF2B7 /* LoginScreenViewController.m */ = {isa = PBXFileReference; fileEncoding = 4; lastKnownFileType = sourcecode.c.objc; path = LoginScreenViewController.m; sourceTree = "<group>"; };
		9A2C6F9819A835CD00DCF2B7 /* SelectGameTableViewController.h */ = {isa = PBXFileReference; fileEncoding = 4; lastKnownFileType = sourcecode.c.h; path = SelectGameTableViewController.h; sourceTree = "<group>"; };
		9A2C6F9919A835CD00DCF2B7 /* SelectGameTableViewController.m */ = {isa = PBXFileReference; fileEncoding = 4; lastKnownFileType = sourcecode.c.objc; path = SelectGameTableViewController.m; sourceTree = "<group>"; };
		9A2C6FA119A8483200DCF2B7 /* AdSupport.framework */ = {isa = PBXFileReference; lastKnownFileType = wrapper.framework; name = AdSupport.framework; path = System/Library/Frameworks/AdSupport.framework; sourceTree = SDKROOT; };
		9A2C6FA319A8483B00DCF2B7 /* Accounts.framework */ = {isa = PBXFileReference; lastKnownFileType = wrapper.framework; name = Accounts.framework; path = System/Library/Frameworks/Accounts.framework; sourceTree = SDKROOT; };
		9A2C6FA519A8484300DCF2B7 /* libsqlite3.dylib */ = {isa = PBXFileReference; lastKnownFileType = "compiled.mach-o.dylib"; name = libsqlite3.dylib; path = usr/lib/libsqlite3.dylib; sourceTree = SDKROOT; };
		9A2C6FA719A8484900DCF2B7 /* Security.framework */ = {isa = PBXFileReference; lastKnownFileType = wrapper.framework; name = Security.framework; path = System/Library/Frameworks/Security.framework; sourceTree = SDKROOT; };
		9A2C6FA919A8484E00DCF2B7 /* Social.framework */ = {isa = PBXFileReference; lastKnownFileType = wrapper.framework; name = Social.framework; path = System/Library/Frameworks/Social.framework; sourceTree = SDKROOT; };
		9A2C6FAF19A84CC800DCF2B7 /* AudioToolbox.framework */ = {isa = PBXFileReference; lastKnownFileType = wrapper.framework; name = AudioToolbox.framework; path = System/Library/Frameworks/AudioToolbox.framework; sourceTree = SDKROOT; };
		9A2C6FB119A84CCE00DCF2B7 /* CFNetwork.framework */ = {isa = PBXFileReference; lastKnownFileType = wrapper.framework; name = CFNetwork.framework; path = System/Library/Frameworks/CFNetwork.framework; sourceTree = SDKROOT; };
		9A2C6FB319A84CE000DCF2B7 /* libz.1.1.3.dylib */ = {isa = PBXFileReference; lastKnownFileType = "compiled.mach-o.dylib"; name = libz.1.1.3.dylib; path = usr/lib/libz.1.1.3.dylib; sourceTree = SDKROOT; };
		9A2C6FB519A84CF500DCF2B7 /* MobileCoreServices.framework */ = {isa = PBXFileReference; lastKnownFileType = wrapper.framework; name = MobileCoreServices.framework; path = System/Library/Frameworks/MobileCoreServices.framework; sourceTree = SDKROOT; };
		9A2C6FB719A84CFA00DCF2B7 /* QuartzCore.framework */ = {isa = PBXFileReference; lastKnownFileType = wrapper.framework; name = QuartzCore.framework; path = System/Library/Frameworks/QuartzCore.framework; sourceTree = SDKROOT; };
		9A2C6FBB19A84D0900DCF2B7 /* SystemConfiguration.framework */ = {isa = PBXFileReference; lastKnownFileType = wrapper.framework; name = SystemConfiguration.framework; path = System/Library/Frameworks/SystemConfiguration.framework; sourceTree = SDKROOT; };
		9A2C6FC519A8511800DCF2B7 /* CoreLocation.framework */ = {isa = PBXFileReference; lastKnownFileType = wrapper.framework; name = CoreLocation.framework; path = System/Library/Frameworks/CoreLocation.framework; sourceTree = SDKROOT; };
		9A2C6FC819A852D200DCF2B7 /* Comms.h */ = {isa = PBXFileReference; fileEncoding = 4; lastKnownFileType = sourcecode.c.h; path = Comms.h; sourceTree = "<group>"; };
		9A2C6FC919A852D200DCF2B7 /* Comms.m */ = {isa = PBXFileReference; fileEncoding = 4; lastKnownFileType = sourcecode.c.objc; path = Comms.m; sourceTree = "<group>"; };
		9A2C6FCB19A85BC600DCF2B7 /* DataStore.h */ = {isa = PBXFileReference; fileEncoding = 4; lastKnownFileType = sourcecode.c.h; path = DataStore.h; sourceTree = "<group>"; };
		9A2C6FCC19A85BC600DCF2B7 /* DataStore.m */ = {isa = PBXFileReference; fileEncoding = 4; lastKnownFileType = sourcecode.c.objc; path = DataStore.m; sourceTree = "<group>"; };
		9A2C6FCE19A85D5800DCF2B7 /* NSOperationQueue+NSoperationQueue_SharedQueue.h */ = {isa = PBXFileReference; fileEncoding = 4; lastKnownFileType = sourcecode.c.h; path = "NSOperationQueue+NSoperationQueue_SharedQueue.h"; sourceTree = "<group>"; };
		9A2C6FCF19A85D5800DCF2B7 /* NSOperationQueue+NSoperationQueue_SharedQueue.m */ = {isa = PBXFileReference; fileEncoding = 4; lastKnownFileType = sourcecode.c.objc; path = "NSOperationQueue+NSoperationQueue_SharedQueue.m"; sourceTree = "<group>"; };
		9A2C6FD419A85EF300DCF2B7 /* NewGameTableViewController.h */ = {isa = PBXFileReference; fileEncoding = 4; lastKnownFileType = sourcecode.c.h; path = NewGameTableViewController.h; sourceTree = "<group>"; };
		9A2C6FD519A85EF300DCF2B7 /* NewGameTableViewController.m */ = {isa = PBXFileReference; fileEncoding = 4; lastKnownFileType = sourcecode.c.objc; path = NewGameTableViewController.m; sourceTree = "<group>"; };
		9A2C6FD719AC526500DCF2B7 /* UserGames.h */ = {isa = PBXFileReference; fileEncoding = 4; lastKnownFileType = sourcecode.c.h; path = UserGames.h; sourceTree = "<group>"; };
		9A2C6FD819AC526500DCF2B7 /* UserGames.m */ = {isa = PBXFileReference; fileEncoding = 4; lastKnownFileType = sourcecode.c.objc; path = UserGames.m; sourceTree = "<group>"; };
		9A428A4419DF894900C80EE7 /* FratBarButtonItem.h */ = {isa = PBXFileReference; fileEncoding = 4; lastKnownFileType = sourcecode.c.h; path = FratBarButtonItem.h; sourceTree = "<group>"; };
		9A428A4519DF894900C80EE7 /* FratBarButtonItem.m */ = {isa = PBXFileReference; fileEncoding = 4; lastKnownFileType = sourcecode.c.objc; path = FratBarButtonItem.m; sourceTree = "<group>"; };
		9A428A4C19E7AAF500C80EE7 /* StringUtils.m */ = {isa = PBXFileReference; fileEncoding = 4; lastKnownFileType = sourcecode.c.objc; path = StringUtils.m; sourceTree = "<group>"; };
		9A428A4E19E7AE2800C80EE7 /* StringUtils.h */ = {isa = PBXFileReference; lastKnownFileType = sourcecode.c.h; path = StringUtils.h; sourceTree = "<group>"; };
		9A428A4F19E7C4A000C80EE7 /* CommentTableViewCell.h */ = {isa = PBXFileReference; fileEncoding = 4; lastKnownFileType = sourcecode.c.h; path = CommentTableViewCell.h; sourceTree = "<group>"; };
		9A428A5019E7C4A000C80EE7 /* CommentTableViewCell.m */ = {isa = PBXFileReference; fileEncoding = 4; lastKnownFileType = sourcecode.c.objc; path = CommentTableViewCell.m; sourceTree = "<group>"; };
		9A49CA111A18588B00F7CFCA /* PreviousRoundsTableViewController.h */ = {isa = PBXFileReference; fileEncoding = 4; lastKnownFileType = sourcecode.c.h; path = PreviousRoundsTableViewController.h; sourceTree = "<group>"; };
		9A49CA121A18588B00F7CFCA /* PreviousRoundsTableViewController.m */ = {isa = PBXFileReference; fileEncoding = 4; lastKnownFileType = sourcecode.c.objc; path = PreviousRoundsTableViewController.m; sourceTree = "<group>"; };
		9A49CA1A1A214B2200F7CFCA /* FacebookSDK.framework */ = {isa = PBXFileReference; lastKnownFileType = wrapper.framework; path = FacebookSDK.framework; sourceTree = "<group>"; };
		9A49CA1C1A214B4900F7CFCA /* Parse.framework */ = {isa = PBXFileReference; lastKnownFileType = wrapper.framework; path = Parse.framework; sourceTree = "<group>"; };
		9A49CA1E1A214B9600F7CFCA /* FBUserSettingsViewResources.bundle */ = {isa = PBXFileReference; lastKnownFileType = "wrapper.plug-in"; path = FBUserSettingsViewResources.bundle; sourceTree = "<group>"; };
		9A893F081A0EC317002F6EEF /* NSString+FontSize.m */ = {isa = PBXFileReference; fileEncoding = 4; lastKnownFileType = sourcecode.c.objc; path = "NSString+FontSize.m"; sourceTree = "<group>"; };
		9A893F091A0EC366002F6EEF /* NSString+FontSize.h */ = {isa = PBXFileReference; lastKnownFileType = sourcecode.c.h; path = "NSString+FontSize.h"; sourceTree = "<group>"; };
		9A8CAF9A1A70AFB3008BF741 /* NewGameDetailsViewController.h */ = {isa = PBXFileReference; fileEncoding = 4; lastKnownFileType = sourcecode.c.h; path = NewGameDetailsViewController.h; sourceTree = "<group>"; };
		9A8CAF9B1A70AFB3008BF741 /* NewGameDetailsViewController.m */ = {isa = PBXFileReference; fileEncoding = 4; lastKnownFileType = sourcecode.c.objc; path = NewGameDetailsViewController.m; sourceTree = "<group>"; };
		9A9A17EC1A9EFE24005855F2 /* woop.caf */ = {isa = PBXFileReference; lastKnownFileType = file; path = woop.caf; sourceTree = "<group>"; };
		9A9A17EE1AA2A071005855F2 /* iAd.framework */ = {isa = PBXFileReference; lastKnownFileType = wrapper.framework; name = iAd.framework; path = System/Library/Frameworks/iAd.framework; sourceTree = SDKROOT; };
		9AA6DB931A2157EE0037EE09 /* AVFoundation.framework */ = {isa = PBXFileReference; lastKnownFileType = wrapper.framework; name = AVFoundation.framework; path = System/Library/Frameworks/AVFoundation.framework; sourceTree = SDKROOT; };
		9AA6DB971A215A940037EE09 /* Sinch.framework */ = {isa = PBXFileReference; lastKnownFileType = wrapper.framework; path = Sinch.framework; sourceTree = "<group>"; };
		9ABCFA641A8C770B003BFC6F /* StoreKit.framework */ = {isa = PBXFileReference; lastKnownFileType = wrapper.framework; name = StoreKit.framework; path = System/Library/Frameworks/StoreKit.framework; sourceTree = SDKROOT; };
		9ADD437D19F7560100AFD160 /* UIButton+CustomButtons.h */ = {isa = PBXFileReference; fileEncoding = 4; lastKnownFileType = sourcecode.c.h; path = "UIButton+CustomButtons.h"; sourceTree = "<group>"; };
		9ADD437E19F7565700AFD160 /* UIButton+CustomButtons.m */ = {isa = PBXFileReference; fileEncoding = 4; lastKnownFileType = sourcecode.c.objc; path = "UIButton+CustomButtons.m"; sourceTree = "<group>"; };
		9AFBF0CD19CD4826004F6550 /* GameViewControllerTableViewController.h */ = {isa = PBXFileReference; fileEncoding = 4; lastKnownFileType = sourcecode.c.h; path = GameViewControllerTableViewController.h; sourceTree = "<group>"; };
		9AFBF0CE19CD4826004F6550 /* GameViewControllerTableViewController.m */ = {isa = PBXFileReference; fileEncoding = 4; lastKnownFileType = sourcecode.c.objc; path = GameViewControllerTableViewController.m; sourceTree = "<group>"; };
		9AFBF0D119CD4B19004F6550 /* ProfileViewTableViewCell.h */ = {isa = PBXFileReference; fileEncoding = 4; lastKnownFileType = sourcecode.c.h; path = ProfileViewTableViewCell.h; sourceTree = "<group>"; };
		9AFBF0D219CD4B19004F6550 /* ProfileViewTableViewCell.m */ = {isa = PBXFileReference; fileEncoding = 4; lastKnownFileType = sourcecode.c.objc; path = ProfileViewTableViewCell.m; sourceTree = "<group>"; };
/* End PBXFileReference section */

/* Begin PBXFrameworksBuildPhase section */
		9A2C6F6019A8324200DCF2B7 /* Frameworks */ = {
			isa = PBXFrameworksBuildPhase;
			buildActionMask = 2147483647;
			files = (
				9A9A17EF1AA2A071005855F2 /* iAd.framework in Frameworks */,
				9AA6DB941A2157EE0037EE09 /* AVFoundation.framework in Frameworks */,
				9A49CA1B1A214B2200F7CFCA /* FacebookSDK.framework in Frameworks */,
				9A2C6FC619A8511800DCF2B7 /* CoreLocation.framework in Frameworks */,
				9A2C6FBC19A84D0900DCF2B7 /* SystemConfiguration.framework in Frameworks */,
				9AA6DB981A215A940037EE09 /* Sinch.framework in Frameworks */,
				9A2C6FB819A84CFA00DCF2B7 /* QuartzCore.framework in Frameworks */,
				9A2C6FB619A84CF500DCF2B7 /* MobileCoreServices.framework in Frameworks */,
				9ABCFA651A8C770B003BFC6F /* StoreKit.framework in Frameworks */,
				95152C621ACEF9B7000C47D0 /* Crashlytics.framework in Frameworks */,
				9A2C6FB419A84CE000DCF2B7 /* libz.1.1.3.dylib in Frameworks */,
				9A2C6F6919A8324200DCF2B7 /* CoreGraphics.framework in Frameworks */,
				9A2C6FB219A84CCE00DCF2B7 /* CFNetwork.framework in Frameworks */,
				9A2C6FB019A84CC800DCF2B7 /* AudioToolbox.framework in Frameworks */,
				9A2C6FAA19A8484E00DCF2B7 /* Social.framework in Frameworks */,
				9A2C6FA819A8484900DCF2B7 /* Security.framework in Frameworks */,
				9A49CA1D1A214B4900F7CFCA /* Parse.framework in Frameworks */,
				9A2C6FA619A8484300DCF2B7 /* libsqlite3.dylib in Frameworks */,
				9A2C6FA419A8483B00DCF2B7 /* Accounts.framework in Frameworks */,
				95152C631ACEF9B7000C47D0 /* Fabric.framework in Frameworks */,
				9A2C6FA219A8483200DCF2B7 /* AdSupport.framework in Frameworks */,
				9A2C6F6B19A8324200DCF2B7 /* UIKit.framework in Frameworks */,
				9A2C6F6719A8324200DCF2B7 /* Foundation.framework in Frameworks */,
			);
			runOnlyForDeploymentPostprocessing = 0;
		};
/* End PBXFrameworksBuildPhase section */

/* Begin PBXGroup section */
		953D496E19DF57AC00596E7B /* Views */ = {
			isa = PBXGroup;
			children = (
				95799FF51A1AE21B006A209F /* PHFComposeBarView */,
				9A428A4419DF894900C80EE7 /* FratBarButtonItem.h */,
				9A428A4519DF894900C80EE7 /* FratBarButtonItem.m */,
				953287DC1A3246F000AC17EA /* GameHeaderView.h */,
				953287DD1A3246F000AC17EA /* GameHeaderView.m */,
				95152C641ACF0EDB000C47D0 /* ScoreHorizontalHeaderScrollView.h */,
				95152C651ACF0EDB000C47D0 /* ScoreHorizontalHeaderScrollView.m */,
				95152C671ACF4429000C47D0 /* SmallProfileView.h */,
				95152C681ACF4429000C47D0 /* SmallProfileView.m */,
			);
			name = Views;
			sourceTree = "<group>";
		};
		9540A57C1A1D05A800EA9FEA /* Models */ = {
			isa = PBXGroup;
			children = (
				9A10E2F51A380FE000C3B541 /* GenericCategory.h */,
				9A10E2F61A380FE000C3B541 /* GenericCategory.m */,
				9540A5831A1D069100EA9FEA /* Comment.h */,
				9540A5841A1D069100EA9FEA /* Comment.m */,
				9540A5861A1D06A200EA9FEA /* CompletedRound.h */,
				9540A5871A1D06A200EA9FEA /* CompletedRound.m */,
				9540A57D1A1D05C200EA9FEA /* Game.h */,
				9540A57E1A1D05C200EA9FEA /* Game.m */,
				9540A5801A1D068300EA9FEA /* Round.h */,
				9540A5811A1D068300EA9FEA /* Round.m */,
				9A10E2FB1A3AB01A00C3B541 /* User.h */,
				9A10E2FC1A3AB01A00C3B541 /* User.m */,
			);
			name = Models;
			sourceTree = "<group>";
		};
		95799FF51A1AE21B006A209F /* PHFComposeBarView */ = {
			isa = PBXGroup;
			children = (
				95799FEC1A1AE1FF006A209F /* PHFComposeBarView.h */,
				95799FED1A1AE1FF006A209F /* PHFComposeBarView.m */,
				95799FEE1A1AE1FF006A209F /* PHFComposeBarView_Button.h */,
				95799FEF1A1AE1FF006A209F /* PHFComposeBarView_Button.m */,
				95799FF01A1AE1FF006A209F /* PHFComposeBarView_TextView.h */,
				95799FF11A1AE1FF006A209F /* PHFComposeBarView_TextView.m */,
			);
			name = PHFComposeBarView;
			sourceTree = "<group>";
		};
		95881E8919D90722001202AB /* Extensions */ = {
			isa = PBXGroup;
			children = (
				9A10E2F81A380FF500C3B541 /* UIImage+Scaling.h */,
				9A10E2F91A380FF500C3B541 /* UIImage+Scaling.m */,
				95881E8D19D90B32001202AB /* UIColor+AppColors.h */,
				95881E8E19D90B32001202AB /* UIColor+AppColors.m */,
				95881E9019D91117001202AB /* UIFont+AppFonts.h */,
				95881E9119D91117001202AB /* UIFont+AppFonts.m */,
				9ADD437D19F7560100AFD160 /* UIButton+CustomButtons.h */,
				9ADD437E19F7565700AFD160 /* UIButton+CustomButtons.m */,
				9A893F091A0EC366002F6EEF /* NSString+FontSize.h */,
				9A893F081A0EC317002F6EEF /* NSString+FontSize.m */,
				95152C6A1ACF4B5B000C47D0 /* UIView+Sizes.h */,
				95152C6B1ACF4B5B000C47D0 /* UIView+Sizes.m */,
			);
			name = Extensions;
			sourceTree = "<group>";
		};
		9A10E3041A3AE09C00C3B541 /* BaseViewControllers */ = {
			isa = PBXGroup;
			children = (
				9A10E2FE1A3AD75A00C3B541 /* BaseViewController.h */,
				9A10E2FF1A3AD75A00C3B541 /* BaseViewController.m */,
			);
			name = BaseViewControllers;
			sourceTree = "<group>";
		};
		9A2C6F5A19A8324200DCF2B7 = {
			isa = PBXGroup;
			children = (
				95152C601ACEF9B7000C47D0 /* Crashlytics.framework */,
				95152C611ACEF9B7000C47D0 /* Fabric.framework */,
				9A9A17EA1A9EFE02005855F2 /* Resouces.bundle */,
				9A2C6F6C19A8324200DCF2B7 /* Thatso */,
				9A2C6F6519A8324200DCF2B7 /* Frameworks */,
				9A2C6F6419A8324200DCF2B7 /* Products */,
			);
			sourceTree = "<group>";
		};
		9A2C6F6419A8324200DCF2B7 /* Products */ = {
			isa = PBXGroup;
			children = (
				9A2C6F6319A8324200DCF2B7 /* Thatso.app */,
			);
			name = Products;
			sourceTree = "<group>";
		};
		9A2C6F6519A8324200DCF2B7 /* Frameworks */ = {
			isa = PBXGroup;
			children = (
				9A9A17EE1AA2A071005855F2 /* iAd.framework */,
				9ABCFA641A8C770B003BFC6F /* StoreKit.framework */,
				9AA6DB971A215A940037EE09 /* Sinch.framework */,
				9AA6DB931A2157EE0037EE09 /* AVFoundation.framework */,
				9A2C6FA319A8483B00DCF2B7 /* Accounts.framework */,
				9A2C6FA119A8483200DCF2B7 /* AdSupport.framework */,
				9A2C6FAF19A84CC800DCF2B7 /* AudioToolbox.framework */,
				9A2C6FB119A84CCE00DCF2B7 /* CFNetwork.framework */,
				9A2C6F6819A8324200DCF2B7 /* CoreGraphics.framework */,
				9A2C6FC519A8511800DCF2B7 /* CoreLocation.framework */,
				9A49CA1A1A214B2200F7CFCA /* FacebookSDK.framework */,
				9A49CA1E1A214B9600F7CFCA /* FBUserSettingsViewResources.bundle */,
				9A2C6F6619A8324200DCF2B7 /* Foundation.framework */,
				9A2C6FA519A8484300DCF2B7 /* libsqlite3.dylib */,
				9A2C6FB319A84CE000DCF2B7 /* libz.1.1.3.dylib */,
				9A2C6FB519A84CF500DCF2B7 /* MobileCoreServices.framework */,
				9A49CA1C1A214B4900F7CFCA /* Parse.framework */,
				9A2C6FB719A84CFA00DCF2B7 /* QuartzCore.framework */,
				9A2C6FA719A8484900DCF2B7 /* Security.framework */,
				9A2C6FA919A8484E00DCF2B7 /* Social.framework */,
				9A2C6FBB19A84D0900DCF2B7 /* SystemConfiguration.framework */,
				9A2C6F6A19A8324200DCF2B7 /* UIKit.framework */,
			);
			name = Frameworks;
			sourceTree = "<group>";
		};
		9A2C6F6C19A8324200DCF2B7 /* Thatso */ = {
			isa = PBXGroup;
			children = (
				9A428A4B19E7AAC600C80EE7 /* Utils */,
				95881E8919D90722001202AB /* Extensions */,
				9A38E83519CD261D0063242D /* Data */,
				9A38E83419CD25F30063242D /* Comms */,
				9A38E83319CD25DF0063242D /* ViewControllers */,
				9A2C6F7519A8324200DCF2B7 /* AppDelegate.h */,
				9A2C6F7619A8324200DCF2B7 /* AppDelegate.m */,
				9A2C6F7819A8324200DCF2B7 /* Images.xcassets */,
				9A2C6F6D19A8324200DCF2B7 /* Supporting Files */,
				9A1FFC971A0AAFA500A82788 /* Constants.h */,
				9A1FFC951A0AAF9400A82788 /* Constants.m */,
			);
			path = Thatso;
			sourceTree = "<group>";
		};
		9A2C6F6D19A8324200DCF2B7 /* Supporting Files */ = {
			isa = PBXGroup;
			children = (
				9A2C6F6E19A8324200DCF2B7 /* Thatso-Info.plist */,
				9A2C6F6F19A8324200DCF2B7 /* InfoPlist.strings */,
				9A2C6F7219A8324200DCF2B7 /* main.m */,
				9A2C6F7419A8324200DCF2B7 /* Thatso-Prefix.pch */,
			);
			name = "Supporting Files";
			sourceTree = "<group>";
		};
		9A38E83319CD25DF0063242D /* ViewControllers */ = {
			isa = PBXGroup;
			children = (
				9A10E3041A3AE09C00C3B541 /* BaseViewControllers */,
				95799FF61A1AE368006A209F /* PHFDelegateChain.h */,
				95799FF71A1AE368006A209F /* PHFDelegateChain.m */,
				953D496E19DF57AC00596E7B /* Views */,
				9AFBF0D019CD4A76004F6550 /* TableCells */,
				9A2C6F9519A832CC00DCF2B7 /* LoginScreenViewController.h */,
				9A2C6F9619A832CC00DCF2B7 /* LoginScreenViewController.m */,
				9A2C6F9819A835CD00DCF2B7 /* SelectGameTableViewController.h */,
				9A2C6F9919A835CD00DCF2B7 /* SelectGameTableViewController.m */,
				9A2C6FD419A85EF300DCF2B7 /* NewGameTableViewController.h */,
				9A2C6FD519A85EF300DCF2B7 /* NewGameTableViewController.m */,
				9A8CAF9A1A70AFB3008BF741 /* NewGameDetailsViewController.h */,
				9A8CAF9B1A70AFB3008BF741 /* NewGameDetailsViewController.m */,
				9AFBF0CD19CD4826004F6550 /* GameViewControllerTableViewController.h */,
				9AFBF0CE19CD4826004F6550 /* GameViewControllerTableViewController.m */,
				9A49CA111A18588B00F7CFCA /* PreviousRoundsTableViewController.h */,
				9A49CA121A18588B00F7CFCA /* PreviousRoundsTableViewController.m */,
				95152C701AD1EAEF000C47D0 /* LoginPageViewController.h */,
				95152C711AD1EAEF000C47D0 /* LoginPageViewController.m */,
			);
			name = ViewControllers;
			sourceTree = "<group>";
		};
		9A38E83419CD25F30063242D /* Comms */ = {
			isa = PBXGroup;
			children = (
				9A2C6FCE19A85D5800DCF2B7 /* NSOperationQueue+NSoperationQueue_SharedQueue.h */,
				9A2C6FCF19A85D5800DCF2B7 /* NSOperationQueue+NSoperationQueue_SharedQueue.m */,
				9A2C6FC819A852D200DCF2B7 /* Comms.h */,
				9A2C6FC919A852D200DCF2B7 /* Comms.m */,
			);
			name = Comms;
			sourceTree = "<group>";
		};
		9A38E83519CD261D0063242D /* Data */ = {
			isa = PBXGroup;
			children = (
				9540A57C1A1D05A800EA9FEA /* Models */,
				9A2C6FCB19A85BC600DCF2B7 /* DataStore.h */,
				9A2C6FCC19A85BC600DCF2B7 /* DataStore.m */,
				9A2C6FD719AC526500DCF2B7 /* UserGames.h */,
				9A2C6FD819AC526500DCF2B7 /* UserGames.m */,
			);
			name = Data;
			sourceTree = "<group>";
		};
		9A428A4B19E7AAC600C80EE7 /* Utils */ = {
			isa = PBXGroup;
			children = (
				9A428A4E19E7AE2800C80EE7 /* StringUtils.h */,
				9A428A4C19E7AAF500C80EE7 /* StringUtils.m */,
			);
			name = Utils;
			sourceTree = "<group>";
		};
		9A9A17EA1A9EFE02005855F2 /* Resouces.bundle */ = {
			isa = PBXGroup;
			children = (
				9A9A17EC1A9EFE24005855F2 /* woop.caf */,
			);
			name = Resouces.bundle;
			sourceTree = "<group>";
		};
		9AFBF0D019CD4A76004F6550 /* TableCells */ = {
			isa = PBXGroup;
			children = (
				9AFBF0D119CD4B19004F6550 /* ProfileViewTableViewCell.h */,
				9AFBF0D219CD4B19004F6550 /* ProfileViewTableViewCell.m */,
				953D496F19DF59C700596E7B /* SelectGameTableViewCell.h */,
				953D497019DF59C700596E7B /* SelectGameTableViewCell.m */,
				9A428A4F19E7C4A000C80EE7 /* CommentTableViewCell.h */,
				9A428A5019E7C4A000C80EE7 /* CommentTableViewCell.m */,
				95F05C591A30107E00752A16 /* PreviousRoundsTableViewCell.h */,
				95F05C5A1A30107E00752A16 /* PreviousRoundsTableViewCell.m */,
			);
			name = TableCells;
			sourceTree = "<group>";
		};
/* End PBXGroup section */

/* Begin PBXNativeTarget section */
		9A2C6F6219A8324200DCF2B7 /* Thatso */ = {
			isa = PBXNativeTarget;
			buildConfigurationList = 9A2C6F8F19A8324200DCF2B7 /* Build configuration list for PBXNativeTarget "Thatso" */;
			buildPhases = (
				9A2C6F5F19A8324200DCF2B7 /* Sources */,
				9A2C6F6019A8324200DCF2B7 /* Frameworks */,
				9A2C6F6119A8324200DCF2B7 /* Resources */,
				95152C5B1ACEF8D6000C47D0 /* ShellScript */,
			);
			buildRules = (
			);
			dependencies = (
			);
			name = Thatso;
			productName = Thatso;
			productReference = 9A2C6F6319A8324200DCF2B7 /* Thatso.app */;
			productType = "com.apple.product-type.application";
		};
/* End PBXNativeTarget section */

/* Begin PBXProject section */
		9A2C6F5B19A8324200DCF2B7 /* Project object */ = {
			isa = PBXProject;
			attributes = {
				LastUpgradeCheck = 0510;
				ORGANIZATIONNAME = "John Seubert";
				TargetAttributes = {
					9A2C6F6219A8324200DCF2B7 = {
						DevelopmentTeam = UZJ8754DYA;
						SystemCapabilities = {
							com.apple.BackgroundModes = {
								enabled = 0;
							};
							com.apple.InAppPurchase = {
								enabled = 1;
							};
						};
					};
				};
			};
			buildConfigurationList = 9A2C6F5E19A8324200DCF2B7 /* Build configuration list for PBXProject "Thatso" */;
			compatibilityVersion = "Xcode 3.2";
			developmentRegion = English;
			hasScannedForEncodings = 0;
			knownRegions = (
				en,
			);
			mainGroup = 9A2C6F5A19A8324200DCF2B7;
			productRefGroup = 9A2C6F6419A8324200DCF2B7 /* Products */;
			projectDirPath = "";
			projectRoot = "";
			targets = (
				9A2C6F6219A8324200DCF2B7 /* Thatso */,
			);
		};
/* End PBXProject section */

/* Begin PBXResourcesBuildPhase section */
		9A2C6F6119A8324200DCF2B7 /* Resources */ = {
			isa = PBXResourcesBuildPhase;
			buildActionMask = 2147483647;
			files = (
				9A9A17ED1A9EFE31005855F2 /* woop.caf in Resources */,
				9A49CA1F1A214B9600F7CFCA /* FBUserSettingsViewResources.bundle in Resources */,
				9A2C6F7119A8324200DCF2B7 /* InfoPlist.strings in Resources */,
				9A2C6F7919A8324200DCF2B7 /* Images.xcassets in Resources */,
			);
			runOnlyForDeploymentPostprocessing = 0;
		};
/* End PBXResourcesBuildPhase section */

/* Begin PBXShellScriptBuildPhase section */
		95152C5B1ACEF8D6000C47D0 /* ShellScript */ = {
			isa = PBXShellScriptBuildPhase;
			buildActionMask = 2147483647;
			files = (
			);
			inputPaths = (
			);
			outputPaths = (
			);
			runOnlyForDeploymentPostprocessing = 0;
			shellPath = /bin/sh;
			shellScript = "./Fabric.framework/run 74f6764dc4918346005a0be47ab9fad51c586421 bbcea9c3478770ba3e3b93fa0928df8a79c0efe6ef25c65a15e337c6232bb333";
		};
/* End PBXShellScriptBuildPhase section */

/* Begin PBXSourcesBuildPhase section */
		9A2C6F5F19A8324200DCF2B7 /* Sources */ = {
			isa = PBXSourcesBuildPhase;
			buildActionMask = 2147483647;
			files = (
				9A2C6F7719A8324200DCF2B7 /* AppDelegate.m in Sources */,
				9A428A5119E7C4A000C80EE7 /* CommentTableViewCell.m in Sources */,
				95799FF21A1AE1FF006A209F /* PHFComposeBarView.m in Sources */,
				95799FF81A1AE368006A209F /* PHFDelegateChain.m in Sources */,
				9A2C6F7319A8324200DCF2B7 /* main.m in Sources */,
				95152C6C1ACF4B5B000C47D0 /* UIView+Sizes.m in Sources */,
				95881E8F19D90B32001202AB /* UIColor+AppColors.m in Sources */,
				9AFBF0CF19CD4826004F6550 /* GameViewControllerTableViewController.m in Sources */,
				9A10E3001A3AD75A00C3B541 /* BaseViewController.m in Sources */,
				9A10E2F71A380FE000C3B541 /* GenericCategory.m in Sources */,
				9A2C6FD619A85EF300DCF2B7 /* NewGameTableViewController.m in Sources */,
				95152C691ACF4429000C47D0 /* SmallProfileView.m in Sources */,
				9A428A4D19E7AAF500C80EE7 /* StringUtils.m in Sources */,
				953D497119DF59C700596E7B /* SelectGameTableViewCell.m in Sources */,
				9A49CA131A18588B00F7CFCA /* PreviousRoundsTableViewController.m in Sources */,
				9540A5821A1D068300EA9FEA /* Round.m in Sources */,
				9A2C6FD019A85D5800DCF2B7 /* NSOperationQueue+NSoperationQueue_SharedQueue.m in Sources */,
				9540A5851A1D069100EA9FEA /* Comment.m in Sources */,
				9A428A4619DF894900C80EE7 /* FratBarButtonItem.m in Sources */,
				9AFBF0D319CD4B19004F6550 /* ProfileViewTableViewCell.m in Sources */,
				9A10E2FD1A3AB01A00C3B541 /* User.m in Sources */,
				9A1FFC961A0AAF9400A82788 /* Constants.m in Sources */,
				9A2C6F9719A832CC00DCF2B7 /* LoginScreenViewController.m in Sources */,
				95799FF31A1AE1FF006A209F /* PHFComposeBarView_Button.m in Sources */,
				9540A5881A1D06A200EA9FEA /* CompletedRound.m in Sources */,
				95152C661ACF0EDB000C47D0 /* ScoreHorizontalHeaderScrollView.m in Sources */,
				95152C721AD1EAEF000C47D0 /* LoginPageViewController.m in Sources */,
				9540A57F1A1D05C200EA9FEA /* Game.m in Sources */,
				9A2C6FCA19A852D200DCF2B7 /* Comms.m in Sources */,
				9A2C6F9A19A835CD00DCF2B7 /* SelectGameTableViewController.m in Sources */,
				95881E9219D91117001202AB /* UIFont+AppFonts.m in Sources */,
				9A10E2FA1A380FF500C3B541 /* UIImage+Scaling.m in Sources */,
				95F05C5B1A30107E00752A16 /* PreviousRoundsTableViewCell.m in Sources */,
				9A2C6FCD19A85BC600DCF2B7 /* DataStore.m in Sources */,
				95799FF41A1AE1FF006A209F /* PHFComposeBarView_TextView.m in Sources */,
				953287DE1A3246F000AC17EA /* GameHeaderView.m in Sources */,
				9ADD437F19F7565700AFD160 /* UIButton+CustomButtons.m in Sources */,
				9A8CAF9C1A70AFB3008BF741 /* NewGameDetailsViewController.m in Sources */,
				9A2C6FD919AC526500DCF2B7 /* UserGames.m in Sources */,
			);
			runOnlyForDeploymentPostprocessing = 0;
		};
/* End PBXSourcesBuildPhase section */

/* Begin PBXVariantGroup section */
		9A2C6F6F19A8324200DCF2B7 /* InfoPlist.strings */ = {
			isa = PBXVariantGroup;
			children = (
				9A2C6F7019A8324200DCF2B7 /* en */,
			);
			name = InfoPlist.strings;
			sourceTree = "<group>";
		};
/* End PBXVariantGroup section */

/* Begin XCBuildConfiguration section */
		9A2C6F8D19A8324200DCF2B7 /* Debug */ = {
			isa = XCBuildConfiguration;
			buildSettings = {
				ALWAYS_SEARCH_USER_PATHS = NO;
				CLANG_CXX_LANGUAGE_STANDARD = "gnu++0x";
				CLANG_CXX_LIBRARY = "libc++";
				CLANG_ENABLE_MODULES = YES;
				CLANG_ENABLE_OBJC_ARC = YES;
				CLANG_WARN_BOOL_CONVERSION = YES;
				CLANG_WARN_CONSTANT_CONVERSION = YES;
				CLANG_WARN_DIRECT_OBJC_ISA_USAGE = YES_ERROR;
				CLANG_WARN_EMPTY_BODY = YES;
				CLANG_WARN_ENUM_CONVERSION = YES;
				CLANG_WARN_INT_CONVERSION = YES;
				CLANG_WARN_OBJC_ROOT_CLASS = YES_ERROR;
				CLANG_WARN__DUPLICATE_METHOD_MATCH = YES;
				CODE_SIGN_IDENTITY = "iPhone Developer: John Seubert (BAY63V48XK)";
				"CODE_SIGN_IDENTITY[sdk=iphoneos*]" = "iPhone Developer: John Seubert (BAY63V48XK)";
				COPY_PHASE_STRIP = NO;
				GCC_C_LANGUAGE_STANDARD = gnu99;
				GCC_DYNAMIC_NO_PIC = NO;
				GCC_OPTIMIZATION_LEVEL = 0;
				GCC_PREPROCESSOR_DEFINITIONS = (
					"DEBUG=1",
					"$(inherited)",
				);
				GCC_SYMBOLS_PRIVATE_EXTERN = NO;
				GCC_WARN_64_TO_32_BIT_CONVERSION = YES;
				GCC_WARN_ABOUT_RETURN_TYPE = YES_ERROR;
				GCC_WARN_UNDECLARED_SELECTOR = YES;
				GCC_WARN_UNINITIALIZED_AUTOS = YES_AGGRESSIVE;
				GCC_WARN_UNUSED_FUNCTION = YES;
				GCC_WARN_UNUSED_VARIABLE = YES;
				IPHONEOS_DEPLOYMENT_TARGET = 7.0;
				ONLY_ACTIVE_ARCH = NO;
				SDKROOT = iphoneos;
				TARGETED_DEVICE_FAMILY = "1,2";
			};
			name = Debug;
		};
		9A2C6F8E19A8324200DCF2B7 /* Release */ = {
			isa = XCBuildConfiguration;
			buildSettings = {
				ALWAYS_SEARCH_USER_PATHS = NO;
				CLANG_CXX_LANGUAGE_STANDARD = "gnu++0x";
				CLANG_CXX_LIBRARY = "libc++";
				CLANG_ENABLE_MODULES = YES;
				CLANG_ENABLE_OBJC_ARC = YES;
				CLANG_WARN_BOOL_CONVERSION = YES;
				CLANG_WARN_CONSTANT_CONVERSION = YES;
				CLANG_WARN_DIRECT_OBJC_ISA_USAGE = YES_ERROR;
				CLANG_WARN_EMPTY_BODY = YES;
				CLANG_WARN_ENUM_CONVERSION = YES;
				CLANG_WARN_INT_CONVERSION = YES;
				CLANG_WARN_OBJC_ROOT_CLASS = YES_ERROR;
				CLANG_WARN__DUPLICATE_METHOD_MATCH = YES;
				CODE_SIGN_IDENTITY = "iPhone Developer: John Seubert (BAY63V48XK)";
				"CODE_SIGN_IDENTITY[sdk=iphoneos*]" = "iPhone Developer: John Seubert (BAY63V48XK)";
				COPY_PHASE_STRIP = YES;
				ENABLE_NS_ASSERTIONS = NO;
				GCC_C_LANGUAGE_STANDARD = gnu99;
				GCC_WARN_64_TO_32_BIT_CONVERSION = YES;
				GCC_WARN_ABOUT_RETURN_TYPE = YES_ERROR;
				GCC_WARN_UNDECLARED_SELECTOR = YES;
				GCC_WARN_UNINITIALIZED_AUTOS = YES_AGGRESSIVE;
				GCC_WARN_UNUSED_FUNCTION = YES;
				GCC_WARN_UNUSED_VARIABLE = YES;
				IPHONEOS_DEPLOYMENT_TARGET = 7.0;
				SDKROOT = iphoneos;
				TARGETED_DEVICE_FAMILY = "1,2";
				VALIDATE_PRODUCT = YES;
			};
			name = Release;
		};
		9A2C6F9019A8324200DCF2B7 /* Debug */ = {
			isa = XCBuildConfiguration;
			buildSettings = {
				ARCHS = (
					armv,
					armv7s,
					armv7,
				);
				ASSETCATALOG_COMPILER_APPICON_NAME = AppIcon;
				ASSETCATALOG_COMPILER_LAUNCHIMAGE_NAME = LaunchImage;
				CODE_SIGN_IDENTITY = "iPhone Developer: John Seubert (BAY63V48XK)";
				"CODE_SIGN_IDENTITY[sdk=iphoneos*]" = "iPhone Developer: John Seubert (BAY63V48XK)";
				FRAMEWORK_SEARCH_PATHS = (
					"$(inherited)",
					"$(PROJECT_DIR)",
					/Users/jaseubert/Documents/Sinch/samples,
					/Users/jaseubert/Documents,
				);
				GCC_PRECOMPILE_PREFIX_HEADER = YES;
				GCC_PREFIX_HEADER = "Thatso/Thatso-Prefix.pch";
				INFOPLIST_FILE = "Thatso/Thatso-Info.plist";
				IPHONEOS_DEPLOYMENT_TARGET = 7.0;
				ONLY_ACTIVE_ARCH = NO;
				OTHER_LDFLAGS = (
					"-ObjC",
					"-Xlinker",
					"-lstdc++",
				);
				PRODUCT_NAME = "$(TARGET_NAME)";
				PROVISIONING_PROFILE = "";
				WRAPPER_EXTENSION = app;
			};
			name = Debug;
		};
		9A2C6F9119A8324200DCF2B7 /* Release */ = {
			isa = XCBuildConfiguration;
			buildSettings = {
				ARCHS = (
					armv,
					armv7s,
					armv7,
				);
				ASSETCATALOG_COMPILER_APPICON_NAME = AppIcon;
				ASSETCATALOG_COMPILER_LAUNCHIMAGE_NAME = LaunchImage;
				CODE_SIGN_IDENTITY = "iPhone Developer: John Seubert (BAY63V48XK)";
				"CODE_SIGN_IDENTITY[sdk=iphoneos*]" = "iPhone Developer: John Seubert (BAY63V48XK)";
				FRAMEWORK_SEARCH_PATHS = (
					"$(inherited)",
					"$(PROJECT_DIR)",
					/Users/jaseubert/Documents/Sinch/samples,
					/Users/jaseubert/Documents,
				);
				GCC_PRECOMPILE_PREFIX_HEADER = YES;
				GCC_PREFIX_HEADER = "Thatso/Thatso-Prefix.pch";
				INFOPLIST_FILE = "Thatso/Thatso-Info.plist";
				IPHONEOS_DEPLOYMENT_TARGET = 7.0;
				ONLY_ACTIVE_ARCH = NO;
				OTHER_LDFLAGS = (
					"-ObjC",
					"-Xlinker",
					"-lstdc++",
				);
				PRODUCT_NAME = "$(TARGET_NAME)";
				PROVISIONING_PROFILE = "";
				WRAPPER_EXTENSION = app;
			};
			name = Release;
		};
/* End XCBuildConfiguration section */

/* Begin XCConfigurationList section */
		9A2C6F5E19A8324200DCF2B7 /* Build configuration list for PBXProject "Thatso" */ = {
			isa = XCConfigurationList;
			buildConfigurations = (
				9A2C6F8D19A8324200DCF2B7 /* Debug */,
				9A2C6F8E19A8324200DCF2B7 /* Release */,
			);
			defaultConfigurationIsVisible = 0;
			defaultConfigurationName = Release;
		};
		9A2C6F8F19A8324200DCF2B7 /* Build configuration list for PBXNativeTarget "Thatso" */ = {
			isa = XCConfigurationList;
			buildConfigurations = (
				9A2C6F9019A8324200DCF2B7 /* Debug */,
				9A2C6F9119A8324200DCF2B7 /* Release */,
			);
			defaultConfigurationIsVisible = 0;
			defaultConfigurationName = Release;
		};
/* End XCConfigurationList section */
	};
	rootObject = 9A2C6F5B19A8324200DCF2B7 /* Project object */;
}
